
Microsoft Visual Studio Solution File, Format Version 12.00
# Visual Studio Version 17
VisualStudioVersion = 17.13.35828.75
MinimumVisualStudioVersion = 10.0.40219.1
Project("{FAE04EC0-301F-11D3-BF4B-00C04F79EFBC}") = "TourDuLich", "TourDuLich\TourDuLich.csproj", "{17112DF0-3606-4CE1-A150-6692E12B37ED}"
EndProject
Global
	GlobalSection(SolutionConfigurationPlatforms) = preSolution
		Debug|Any CPU = Debug|Any CPU
		Release|Any CPU = Release|Any CPU
	EndGlobalSection
	GlobalSection(ProjectConfigurationPlatforms) = postSolution
		{17112DF0-3606-4CE1-A150-6692E12B37ED}.Debug|Any CPU.ActiveCfg = Debug|Any CPU
		{17112DF0-3606-4CE1-A150-6692E12B37ED}.Debug|Any CPU.Build.0 = Debug|Any CPU
		{17112DF0-3606-4CE1-A150-6692E12B37ED}.Release|Any CPU.ActiveCfg = Release|Any CPU
		{17112DF0-3606-4CE1-A150-6692E12B37ED}.Release|Any CPU.Build.0 = Release|Any CPU
	EndGlobalSection
	GlobalSection(SolutionProperties) = preSolution
		HideSolutionNode = FALSE
	EndGlobalSection
	GlobalSection(ExtensibilityGlobals) = postSolution
		SolutionGuid = {E41E0B0A-BCF7-4F50-8D6A-D8E518F27684}
	EndGlobalSection
EndGlobal
